// !$*UTF8*$!
{
	archiveVersion = 1;
	classes = {
	};
	objectVersion = 60;
	objects = {

/* Begin PBXBuildFile section */
		08FB7793FE84155DC02AAC14 /* AppDelegate.swift in Sources */ = {isa = PBXBuildFile; fileRef = 08FB7793FE84155DC02AAC10 /* AppDelegate.swift */; };
		08FB7793FE84155DC02AAC16 /* Assets.xcassets in Resources */ = {isa = PBXBuildFile; fileRef = 08FB7793FE84155DC02AAC12 /* Assets.xcassets */; };
		A00000000000000000000002 /* CPUReader.swift in Sources */ = {isa = PBXBuildFile; fileRef = A00000000000000000000001 /* CPUReader.swift */; };
		A00000000000000000000004 /* StatusBarManager.swift in Sources */ = {isa = PBXBuildFile; fileRef = A00000000000000000000003 /* StatusBarManager.swift */; };
		A00000000000000000000006 /* ReaderProtocol.swift in Sources */ = {isa = PBXBuildFile; fileRef = A00000000000000000000005 /* ReaderProtocol.swift */; };
		A00000000000000000000008 /* TimerReader.swift in Sources */ = {isa = PBXBuildFile; fileRef = A00000000000000000000007 /* TimerReader.swift */; };
		A0000000000000000000000A /* SettingsManager.swift in Sources */ = {isa = PBXBuildFile; fileRef = A00000000000000000000009 /* SettingsManager.swift */; };
		F60000000000000000000002 /* Metric.swift in Sources */ = {isa = PBXBuildFile; fileRef = F60000000000000000000001 /* Metric.swift */; };
		F60000000000000000000004 /* NSColor+Hex.swift in Sources */ = {isa = PBXBuildFile; fileRef = F60000000000000000000003 /* NSColor+Hex.swift */; };
		2791956B-B428-43E5-A15E-53915BFFA9D6 /* NetworkReader.swift in Sources */ = {isa = PBXBuildFile; fileRef = DD9388B0-76C5-4944-98B4-990FB09BC512 /* NetworkReader.swift */; };
		E10000000000000000000002 /* ProcessNetworkReader.swift in Sources */ = {isa = PBXBuildFile; fileRef = E10000000000000000000001 /* ProcessNetworkReader.swift */; };
		4581A136-AF1D-44B9-97DD-BD1BC6078D30 /* ByteFormatting.swift in Sources */ = {isa = PBXBuildFile; fileRef = 5A304B17-30B5-40B8-8B04-7DA24858D242 /* ByteFormatting.swift */; };
 		070E522B-D90C-4C7E-8172-FD4BC1F05CE6 /* SystemConfiguration.framework in Frameworks */ = {isa = PBXBuildFile; fileRef = BA50C43C-6E4B-4C6B-B6BE-7AD33409093A /* SystemConfiguration.framework */; };
		A7DDCE1C-11EC-49D1-84E1-1535B7D5F496 /* MemoryReader.swift in Sources */ = {isa = PBXBuildFile; fileRef = BB26C8CE-7E94-423C-A253-BC1FCE810BC5 /* MemoryReader.swift */; };
		C30000000000000000000002 /* GPUReader.swift in Sources */ = {isa = PBXBuildFile; fileRef = C30000000000000000000001 /* GPUReader.swift */; };
		F70000000000000000000002 /* BatteryReader.swift in Sources */ = {isa = PBXBuildFile; fileRef = F70000000000000000000001 /* BatteryReader.swift */; };
		A80000000000000000000002 /* ProcessResourceReader.swift in Sources */ = {isa = PBXBuildFile; fileRef = A80000000000000000000001 /* ProcessResourceReader.swift */; };
		5C0000000000000000000002 /* SMCReader.swift in Sources */ = {isa = PBXBuildFile; fileRef = 5C0000000000000000000001 /* SMCReader.swift */; };
		C30000000000000000000004 /* IOKit.framework in Frameworks */ = {isa = PBXBuildFile; fileRef = C30000000000000000000003 /* IOKit.framework */; };
		D50000000000000000000002 /* ServiceManagement.framework in Frameworks */ = {isa = PBXBuildFile; fileRef = D50000000000000000000001 /* ServiceManagement.framework */; };
		B10000000000000000000002 /* PopoverManager.swift in Sources */ = {isa = PBXBuildFile; fileRef = B10000000000000000000001 /* PopoverManager.swift */; };
		B10000000000000000000004 /* DashboardView.swift in Sources */ = {isa = PBXBuildFile; fileRef = B10000000000000000000003 /* DashboardView.swift */; };
		B10000000000000000000006 /* MetricCard.swift in Sources */ = {isa = PBXBuildFile; fileRef = B10000000000000000000005 /* MetricCard.swift */; };
		B10000000000000000000008 /* ProcessListView.swift in Sources */ = {isa = PBXBuildFile; fileRef = B10000000000000000000007 /* ProcessListView.swift */; };
		B20000000000000000000002 /* main.swift in Sources */ = {isa = PBXBuildFile; fileRef = B20000000000000000000001 /* main.swift */; };
		B1000000000000000000000A /* SparklineView.swift in Sources */ = {isa = PBXBuildFile; fileRef = B10000000000000000000009 /* SparklineView.swift */; };
		C10000000000000000000002 /* MetricSample.swift in Sources */ = {isa = PBXBuildFile; fileRef = C10000000000000000000001 /* MetricSample.swift */; };
		C10000000000000000000004 /* RingBuffer.swift in Sources */ = {isa = PBXBuildFile; fileRef = C10000000000000000000003 /* RingBuffer.swift */; };
		C10000000000000000000006 /* HistoryStore.swift in Sources */ = {isa = PBXBuildFile; fileRef = C10000000000000000000005 /* HistoryStore.swift */; };
		C10000000000000000000008 /* MetricCollector.swift in Sources */ = {isa = PBXBuildFile; fileRef = C10000000000000000000007 /* MetricCollector.swift */; };
		B1000000000000000000000C /* SettingsView.swift in Sources */ = {isa = PBXBuildFile; fileRef = B1000000000000000000000B /* SettingsView.swift */; };
/* End PBXBuildFile section */

/* Begin PBXFileReference section */
		08FB7793FE84155DC02AAC10 /* AppDelegate.swift */ = {isa = PBXFileReference; lastKnownFileType = sourcecode.swift; path = AppDelegate.swift; sourceTree = "<group>"; };
		08FB7793FE84155DC02AAC11 /* Info.plist */ = {isa = PBXFileReference; lastKnownFileType = text.plist.xml; path = Info.plist; sourceTree = "<group>"; };
		08FB7793FE84155DC02AAC12 /* Assets.xcassets */ = {isa = PBXFileReference; lastKnownFileType = folder.assetcatalog; path = Assets.xcassets; sourceTree = "<group>"; };
		08FB7793FE84155DC02AAC13 /* MacStatus.app */ = {isa = PBXFileReference; explicitFileType = wrapper.application; includeInIndex = 0; path = MacStatus.app; sourceTree = BUILT_PRODUCTS_DIR; };
		A00000000000000000000001 /* CPUReader.swift */ = {isa = PBXFileReference; lastKnownFileType = sourcecode.swift; path = CPUReader.swift; sourceTree = "<group>"; };
		A00000000000000000000003 /* StatusBarManager.swift */ = {isa = PBXFileReference; lastKnownFileType = sourcecode.swift; path = StatusBarManager.swift; sourceTree = "<group>"; };
		A00000000000000000000005 /* ReaderProtocol.swift */ = {isa = PBXFileReference; lastKnownFileType = sourcecode.swift; path = ReaderProtocol.swift; sourceTree = "<group>"; };
		A00000000000000000000007 /* TimerReader.swift */ = {isa = PBXFileReference; lastKnownFileType = sourcecode.swift; path = TimerReader.swift; sourceTree = "<group>"; };
		A00000000000000000000009 /* SettingsManager.swift */ = {isa = PBXFileReference; lastKnownFileType = sourcecode.swift; path = SettingsManager.swift; sourceTree = "<group>"; };
		F60000000000000000000001 /* Metric.swift */ = {isa = PBXFileReference; lastKnownFileType = sourcecode.swift; path = Metric.swift; sourceTree = "<group>"; };
		F60000000000000000000003 /* NSColor+Hex.swift */ = {isa = PBXFileReference; lastKnownFileType = sourcecode.swift; path = "NSColor+Hex.swift"; sourceTree = "<group>"; };
		DD9388B0-76C5-4944-98B4-990FB09BC512 /* NetworkReader.swift */ = {isa = PBXFileReference; lastKnownFileType = sourcecode.swift; path = NetworkReader.swift; sourceTree = "<group>"; };
		E10000000000000000000001 /* ProcessNetworkReader.swift */ = {isa = PBXFileReference; lastKnownFileType = sourcecode.swift; path = ProcessNetworkReader.swift; sourceTree = "<group>"; };
		5A304B17-30B5-40B8-8B04-7DA24858D242 /* ByteFormatting.swift */ = {isa = PBXFileReference; lastKnownFileType = sourcecode.swift; path = ByteFormatting.swift; sourceTree = "<group>"; };
		BA50C43C-6E4B-4C6B-B6BE-7AD33409093A /* SystemConfiguration.framework */ = {isa = PBXFileReference; lastKnownFileType = wrapper.framework; name = SystemConfiguration.framework; path = System/Library/Frameworks/SystemConfiguration.framework; sourceTree = SDKROOT; };
		BB26C8CE-7E94-423C-A253-BC1FCE810BC5 /* MemoryReader.swift */ = {isa = PBXFileReference; lastKnownFileType = sourcecode.swift; path = MemoryReader.swift; sourceTree = "<group>"; };
		C30000000000000000000001 /* GPUReader.swift */ = {isa = PBXFileReference; lastKnownFileType = sourcecode.swift; path = GPUReader.swift; sourceTree = "<group>"; };
		F70000000000000000000001 /* BatteryReader.swift */ = {isa = PBXFileReference; lastKnownFileType = sourcecode.swift; path = BatteryReader.swift; sourceTree = "<group>"; };
		A80000000000000000000001 /* ProcessResourceReader.swift */ = {isa = PBXFileReference; lastKnownFileType = sourcecode.swift; path = ProcessResourceReader.swift; sourceTree = "<group>"; };
		5C0000000000000000000001 /* SMCReader.swift */ = {isa = PBXFileReference; lastKnownFileType = sourcecode.swift; path = SMCReader.swift; sourceTree = "<group>"; };
		C30000000000000000000003 /* IOKit.framework */ = {isa = PBXFileReference; lastKnownFileType = wrapper.framework; name = IOKit.framework; path = System/Library/Frameworks/IOKit.framework; sourceTree = SDKROOT; };
		D50000000000000000000001 /* ServiceManagement.framework */ = {isa = PBXFileReference; lastKnownFileType = wrapper.framework; name = ServiceManagement.framework; path = System/Library/Frameworks/ServiceManagement.framework; sourceTree = SDKROOT; };
		B10000000000000000000001 /* PopoverManager.swift */ = {isa = PBXFileReference; lastKnownFileType = sourcecode.swift; path = PopoverManager.swift; sourceTree = "<group>"; };
		B10000000000000000000003 /* DashboardView.swift */ = {isa = PBXFileReference; lastKnownFileType = sourcecode.swift; path = DashboardView.swift; sourceTree = "<group>"; };
		B10000000000000000000005 /* MetricCard.swift */ = {isa = PBXFileReference; lastKnownFileType = sourcecode.swift; path = MetricCard.swift; sourceTree = "<group>"; };
		B10000000000000000000007 /* ProcessListView.swift */ = {isa = PBXFileReference; lastKnownFileType = sourcecode.swift; path = ProcessListView.swift; sourceTree = "<group>"; };
		B20000000000000000000001 /* main.swift */ = {isa = PBXFileReference; lastKnownFileType = sourcecode.swift; path = main.swift; sourceTree = "<group>"; };
		B10000000000000000000009 /* SparklineView.swift */ = {isa = PBXFileReference; lastKnownFileType = sourcecode.swift; path = SparklineView.swift; sourceTree = "<group>"; };
		C10000000000000000000001 /* MetricSample.swift */ = {isa = PBXFileReference; lastKnownFileType = sourcecode.swift; path = MetricSample.swift; sourceTree = "<group>"; };
		C10000000000000000000003 /* RingBuffer.swift */ = {isa = PBXFileReference; lastKnownFileType = sourcecode.swift; path = RingBuffer.swift; sourceTree = "<group>"; };
		C10000000000000000000005 /* HistoryStore.swift */ = {isa = PBXFileReference; lastKnownFileType = sourcecode.swift; path = HistoryStore.swift; sourceTree = "<group>"; };
		C10000000000000000000007 /* MetricCollector.swift */ = {isa = PBXFileReference; lastKnownFileType = sourcecode.swift; path = MetricCollector.swift; sourceTree = "<group>"; };
		B1000000000000000000000B /* SettingsView.swift */ = {isa = PBXFileReference; lastKnownFileType = sourcecode.swift; path = SettingsView.swift; sourceTree = "<group>"; };
/* End PBXFileReference section */

/* Begin PBXFrameworksBuildPhase section */
		08FB7793FE84155DC02AAC20 /* Frameworks */ = {
			isa = PBXFrameworksBuildPhase;
			buildActionMask = 2147483647;
			files = (
				070E522B-D90C-4C7E-8172-FD4BC1F05CE6 /* SystemConfiguration.framework in Frameworks */,
				C30000000000000000000004 /* IOKit.framework in Frameworks */,
				D50000000000000000000002 /* ServiceManagement.framework in Frameworks */,
			);
			runOnlyForDeploymentPostprocessing = 0;
		};
/* End PBXFrameworksBuildPhase section */

/* Begin PBXGroup section */
		08FB7793FE84155DC02AAC08 = {
			isa = PBXGroup;
			children = (
				08FB7793FE84155DC02AAC09 /* MacStatus */,
				08FB7793FE84155DC02AAC0F /* Products */,
			);
			sourceTree = "<group>";
		};
		08FB7793FE84155DC02AAC09 /* MacStatus */ = {
			isa = PBXGroup;
			children = (
				08FB7793FE84155DC02AAC0A /* App */,
				08FB7793FE84155DC02AAC0B /* Readers */,
				08FB7793FE84155DC02AAC0C /* UI */,
				08FB7793FE84155DC02AAC0D /* Utils */,
				C10000000000000000000010 /* Storage */,
				C10000000000000000000020 /* Collectors */,
				08FB7793FE84155DC02AAC0E /* Resources */,
			);
			path = MacStatus;
			sourceTree = "<group>";
		};
		08FB7793FE84155DC02AAC0A /* App */ = {
			isa = PBXGroup;
			children = (
				08FB7793FE84155DC02AAC10 /* AppDelegate.swift */,
				B20000000000000000000001 /* main.swift */,
				08FB7793FE84155DC02AAC11 /* Info.plist */,
			);
			path = App;
			sourceTree = "<group>";
		};
		08FB7793FE84155DC02AAC0B /* Readers */ = {
			isa = PBXGroup;
			children = (
				A00000000000000000000005 /* ReaderProtocol.swift */,
				A00000000000000000000007 /* TimerReader.swift */,
				A00000000000000000000001 /* CPUReader.swift */,
				DD9388B0-76C5-4944-98B4-990FB09BC512 /* NetworkReader.swift */,
				E10000000000000000000001 /* ProcessNetworkReader.swift */,
				BB26C8CE-7E94-423C-A253-BC1FCE810BC5 /* MemoryReader.swift */,
				C30000000000000000000001 /* GPUReader.swift */,
				F70000000000000000000001 /* BatteryReader.swift */,
				A80000000000000000000001 /* ProcessResourceReader.swift */,
				5C0000000000000000000001 /* SMCReader.swift */,
			);
			path = Readers;
			sourceTree = "<group>";
		};
		08FB7793FE84155DC02AAC0C /* UI */ = {
			isa = PBXGroup;
			children = (
				A00000000000000000000003 /* StatusBarManager.swift */,
				B10000000000000000000001 /* PopoverManager.swift */,
				B10000000000000000000010 /* Views */,
			);
			path = UI;
			sourceTree = "<group>";
		};
		B10000000000000000000010 /* Views */ = {
			isa = PBXGroup;
			children = (
				B10000000000000000000003 /* DashboardView.swift */,
				B10000000000000000000005 /* MetricCard.swift */,
				B10000000000000000000007 /* ProcessListView.swift */,
				B10000000000000000000009 /* SparklineView.swift */,
				B1000000000000000000000B /* SettingsView.swift */,
			);
			path = Views;
			sourceTree = "<group>";
		};
		08FB7793FE84155DC02AAC0D /* Utils */ = {
			isa = PBXGroup;
			children = (
				A00000000000000000000009 /* SettingsManager.swift */,
				F60000000000000000000001 /* Metric.swift */,
				F60000000000000000000003 /* NSColor+Hex.swift */,
				5A304B17-30B5-40B8-8B04-7DA24858D242 /* ByteFormatting.swift */,
			);
			path = Utils;
			sourceTree = "<group>";
		};
		C10000000000000000000010 /* Storage */ = {
			isa = PBXGroup;
			children = (
				C10000000000000000000001 /* MetricSample.swift */,
				C10000000000000000000003 /* RingBuffer.swift */,
				C10000000000000000000005 /* HistoryStore.swift */,
			);
			path = Storage;
			sourceTree = "<group>";
		};
		C10000000000000000000020 /* Collectors */ = {
			isa = PBXGroup;
			children = (
				C10000000000000000000007 /* MetricCollector.swift */,
			);
			path = Collectors;
			sourceTree = "<group>";
		};
		08FB7793FE84155DC02AAC0E /* Resources */ = {
			isa = PBXGroup;
			children = (
				08FB7793FE84155DC02AAC12 /* Assets.xcassets */,
			);
			path = Resources;
			sourceTree = "<group>";
		};
		08FB7793FE84155DC02AAC0F /* Products */ = {
			isa = PBXGroup;
			children = (
				08FB7793FE84155DC02AAC13 /* MacStatus.app */,
			);
			name = Products;
			sourceTree = "<group>";
		};
/* End PBXGroup section */

/* Begin PBXNativeTarget section */
		08FB7793FE84155DC02AAC17 /* MacStatus */ = {
			isa = PBXNativeTarget;
			buildConfigurationList = 08FB7793FE84155DC02AAC1F /* Build configuration list for PBXNativeTarget "MacStatus" */;
			buildPhases = (
				08FB7793FE84155DC02AAC18 /* Sources */,
				08FB7793FE84155DC02AAC20 /* Frameworks */,
				08FB7793FE84155DC02AAC19 /* Resources */,
			);
			buildRules = (
			);
			dependencies = (
			);
			name = MacStatus;
			productName = MacStatus;
			productReference = 08FB7793FE84155DC02AAC13 /* MacStatus.app */;
			productType = "com.apple.product-type.application";
		};
/* End PBXNativeTarget section */

/* Begin PBXProject section */
		08FB7793FE84155DC02AAC07 /* Project object */ = {
			isa = PBXProject;
			attributes = {
				BuildIndependentTargetsInParallel = 1;
				LastSwiftUpdateCheck = 2650;
				LastUpgradeCheck = 2650;
				TargetAttributes = {
					08FB7793FE84155DC02AAC17 = {
						CreatedOnToolsVersion = 26.5;
					};
				};
			};
			buildConfigurationList = 08FB7793FE84155DC02AAC1E /* Build configuration list for PBXProject "MacStatus" */;
			compatibilityVersion = "Xcode 14.0";
			developmentRegion = en;
			hasScannedForEncodings = 0;
			knownRegions = (
				en,
				Base,
				"zh-Hans",
			);
			mainGroup = 08FB7793FE84155DC02AAC08;
			productRefGroup = 08FB7793FE84155DC02AAC0F /* Products */;
			projectDirPath = "";
			projectRoot = "";
			targets = (
				08FB7793FE84155DC02AAC17 /* MacStatus */,
			);
		};
/* End PBXProject section */

/* Begin PBXResourcesBuildPhase section */
		08FB7793FE84155DC02AAC19 /* Resources */ = {
			isa = PBXResourcesBuildPhase;
			buildActionMask = 2147483647;
			files = (
				08FB7793FE84155DC02AAC16 /* Assets.xcassets in Resources */,
			);
			runOnlyForDeploymentPostprocessing = 0;
		};
/* End PBXResourcesBuildPhase section */

/* Begin PBXSourcesBuildPhase section */
		08FB7793FE84155DC02AAC18 /* Sources */ = {
			isa = PBXSourcesBuildPhase;
			buildActionMask = 2147483647;
			files = (
				08FB7793FE84155DC02AAC14 /* AppDelegate.swift in Sources */,
				B20000000000000000000002 /* main.swift in Sources */,
				A00000000000000000000006 /* ReaderProtocol.swift in Sources */,
				A00000000000000000000008 /* TimerReader.swift in Sources */,
				A00000000000000000000002 /* CPUReader.swift in Sources */,
				A00000000000000000000004 /* StatusBarManager.swift in Sources */,
				A0000000000000000000000A /* SettingsManager.swift in Sources */,
				F60000000000000000000002 /* Metric.swift in Sources */,
				F60000000000000000000004 /* NSColor+Hex.swift in Sources */,
				2791956B-B428-43E5-A15E-53915BFFA9D6 /* NetworkReader.swift in Sources */,
				E10000000000000000000002 /* ProcessNetworkReader.swift in Sources */,
				4581A136-AF1D-44B9-97DD-BD1BC6078D30 /* ByteFormatting.swift in Sources */,
				A7DDCE1C-11EC-49D1-84E1-1535B7D5F496 /* MemoryReader.swift in Sources */,
				C30000000000000000000002 /* GPUReader.swift in Sources */,
				F70000000000000000000002 /* BatteryReader.swift in Sources */,
				A80000000000000000000002 /* ProcessResourceReader.swift in Sources */,
				5C0000000000000000000002 /* SMCReader.swift in Sources */,
				B10000000000000000000002 /* PopoverManager.swift in Sources */,
				B10000000000000000000004 /* DashboardView.swift in Sources */,
				B10000000000000000000006 /* MetricCard.swift in Sources */,
				B10000000000000000000008 /* ProcessListView.swift in Sources */,
				B1000000000000000000000A /* SparklineView.swift in Sources */,
				C10000000000000000000002 /* MetricSample.swift in Sources */,
				C10000000000000000000004 /* RingBuffer.swift in Sources */,
				C10000000000000000000006 /* HistoryStore.swift in Sources */,
				C10000000000000000000008 /* MetricCollector.swift in Sources */,
				B1000000000000000000000C /* SettingsView.swift in Sources */,
			);
			runOnlyForDeploymentPostprocessing = 0;
		};
/* End PBXSourcesBuildPhase section */

/* Begin XCBuildConfiguration section */
		08FB7793FE84155DC02AAC1A /* Debug */ = {
			isa = XCBuildConfiguration;
			buildSettings = {
				ALWAYS_SEARCH_USER_PATHS = NO;
				ASSETCATALOG_COMPILER_GENERATE_SWIFT_ASSET_SYMBOL_EXTENSIONS = YES;
				CLANG_ANALYZER_NONNULL = YES;
				CLANG_ANALYZER_NUMBER_OBJECT_CONVERSION = YES_AGGRESSIVE;
				CLANG_CXX_LANGUAGE_STANDARD = "gnu++20";
				CLANG_ENABLE_MODULES = YES;
				CLANG_ENABLE_OBJC_ARC = YES;
				CLANG_ENABLE_OBJC_WEAK = YES;
				CLANG_WARN_BLOCK_CAPTURE_AUTORELEASING = YES;
				CLANG_WARN_BOOL_CONVERSION = YES;
				CLANG_WARN_COMMA = YES;
				CLANG_WARN_CONSTANT_CONVERSION = YES;
				CLANG_WARN_DEPRECATED_OBJC_IMPLEMENTATIONS = YES;
				CLANG_WARN_DIRECT_OBJC_ISA_USAGE = YES_ERROR;
				CLANG_WARN_DOCUMENTATION_COMMENTS = YES;
				CLANG_WARN_EMPTY_BODY = YES;
				CLANG_WARN_ENUM_CONVERSION = YES;
				CLANG_WARN_INFINITE_RECURSION = YES;
				CLANG_WARN_INT_CONVERSION = YES;
				CLANG_WARN_NON_LITERAL_NULL_CONVERSION = YES;
				CLANG_WARN_OBJC_IMPLICIT_RETAIN_SELF = YES;
				CLANG_WARN_OBJC_LITERAL_CONVERSION = YES;
				CLANG_WARN_OBJC_ROOT_CLASS = YES_ERROR;
				CLANG_WARN_QUOTED_INCLUDE_IN_FRAMEWORK_HEADER = YES;
				CLANG_WARN_RANGE_LOOP_ANALYSIS = YES;
				CLANG_WARN_STRICT_PROTOTYPES = YES;
				CLANG_WARN_SUSPICIOUS_MOVE = YES;
				CLANG_WARN_UNGUARDED_AVAILABILITY = YES_AGGRESSIVE;
				CLANG_WARN_UNREACHABLE_CODE = YES;
				CLANG_WARN__DUPLICATE_METHOD_MATCH = YES;
				COPY_PHASE_STRIP = NO;
				DEBUG_INFORMATION_FORMAT = dwarf;
				ENABLE_STRICT_OBJC_MSGSEND = YES;
				ENABLE_TESTABILITY = YES;
				ENABLE_USER_SCRIPT_SANDBOXING = YES;
				GCC_C_LANGUAGE_STANDARD = gnu17;
				GCC_DYNAMIC_NO_PIC = NO;
				GCC_NO_COMMON_BLOCKS = YES;
				GCC_OPTIMIZATION_LEVEL = 0;
				GCC_PREPROCESSOR_DEFINITIONS = (
					"DEBUG=1",
					"$(inherited)",
				);
				GCC_WARN_64_TO_32_BIT_CONVERSION = YES;
				GCC_WARN_ABOUT_RETURN_TYPE = YES_ERROR;
				GCC_WARN_UNDECLARED_SELECTOR = YES;
				GCC_WARN_UNINITIALIZED_AUTOS = YES_AGGRESSIVE;
				GCC_WARN_UNUSED_FUNCTION = YES;
				GCC_WARN_UNUSED_VARIABLE = YES;
				LOCALIZATION_PREFERS_STRING_CATALOGS = YES;
				MACOSX_DEPLOYMENT_TARGET = 14.0;
				MTL_ENABLE_DEBUG_INFO = INCLUDE_SOURCE;
				MTL_FAST_MATH = YES;
				ONLY_ACTIVE_ARCH = YES;
				SDKROOT = macosx;
				SWIFT_ACTIVE_COMPILATION_CONDITIONS = "DEBUG $(inherited)";
				SWIFT_OPTIMIZATION_LEVEL = "-Onone";
			};
			name = Debug;
		};
		08FB7793FE84155DC02AAC1B /* Release */ = {
			isa = XCBuildConfiguration;
			buildSettings = {
				ALWAYS_SEARCH_USER_PATHS = NO;
				ASSETCATALOG_COMPILER_GENERATE_SWIFT_ASSET_SYMBOL_EXTENSIONS = YES;
				CLANG_ANALYZER_NONNULL = YES;
				CLANG_ANALYZER_NUMBER_OBJECT_CONVERSION = YES_AGGRESSIVE;
				CLANG_CXX_LANGUAGE_STANDARD = "gnu++20";
				CLANG_ENABLE_MODULES = YES;
				CLANG_ENABLE_OBJC_ARC = YES;
				CLANG_ENABLE_OBJC_WEAK = YES;
				CLANG_WARN_BLOCK_CAPTURE_AUTORELEASING = YES;
				CLANG_WARN_BOOL_CONVERSION = YES;
				CLANG_WARN_COMMA = YES;
				CLANG_WARN_CONSTANT_CONVERSION = YES;
				CLANG_WARN_DEPRECATED_OBJC_IMPLEMENTATIONS = YES;
				CLANG_WARN_DIRECT_OBJC_ISA_USAGE = YES_ERROR;
				CLANG_WARN_DOCUMENTATION_COMMENTS = YES;
				CLANG_WARN_EMPTY_BODY = YES;
				CLANG_WARN_ENUM_CONVERSION = YES;
				CLANG_WARN_INFINITE_RECURSION = YES;
				CLANG_WARN_INT_CONVERSION = YES;
				CLANG_WARN_NON_LITERAL_NULL_CONVERSION = YES;
				CLANG_WARN_OBJC_IMPLICIT_RETAIN_SELF = YES;
				CLANG_WARN_OBJC_LITERAL_CONVERSION = YES;
				CLANG_WARN_OBJC_ROOT_CLASS = YES_ERROR;
				CLANG_WARN_QUOTED_INCLUDE_IN_FRAMEWORK_HEADER = YES;
				CLANG_WARN_RANGE_LOOP_ANALYSIS = YES;
				CLANG_WARN_STRICT_PROTOTYPES = YES;
				CLANG_WARN_SUSPICIOUS_MOVE = YES;
				CLANG_WARN_UNGUARDED_AVAILABILITY = YES_AGGRESSIVE;
				CLANG_WARN_UNREACHABLE_CODE = YES;
				CLANG_WARN__DUPLICATE_METHOD_MATCH = YES;
				COPY_PHASE_STRIP = NO;
				DEBUG_INFORMATION_FORMAT = "dwarf-with-dsym";
				ENABLE_NS_ASSERTIONS = NO;
				ENABLE_STRICT_OBJC_MSGSEND = YES;
				ENABLE_USER_SCRIPT_SANDBOXING = YES;
				GCC_C_LANGUAGE_STANDARD = gnu17;
				GCC_NO_COMMON_BLOCKS = YES;
				GCC_WARN_64_TO_32_BIT_CONVERSION = YES;
				GCC_WARN_ABOUT_RETURN_TYPE = YES_ERROR;
				GCC_WARN_UNDECLARED_SELECTOR = YES;
				GCC_WARN_UNINITIALIZED_AUTOS = YES_AGGRESSIVE;
				GCC_WARN_UNUSED_FUNCTION = YES;
				GCC_WARN_UNUSED_VARIABLE = YES;
				LOCALIZATION_PREFERS_STRING_CATALOGS = YES;
				MACOSX_DEPLOYMENT_TARGET = 14.0;
				MTL_ENABLE_DEBUG_INFO = NO;
				MTL_FAST_MATH = YES;
				SDKROOT = macosx;
				SWIFT_COMPILATION_MODE = wholemodule;
			};
			name = Release;
		};
		08FB7793FE84155DC02AAC1C /* Debug */ = {
			isa = XCBuildConfiguration;
			buildSettings = {
				ASSETCATALOG_COMPILER_APPICON_NAME = AppIcon;
				CODE_SIGN_IDENTITY = "-";
				CODE_SIGN_STYLE = Automatic;
				COMBINE_HIDPI_IMAGES = YES;
				ENABLE_HARDENED_RUNTIME = YES;
				INFOPLIST_FILE = MacStatus/App/Info.plist;
				LD_RUNPATH_SEARCH_PATHS = (
					"$(inherited)",
					"@executable_path/../Frameworks",
				);
				PRODUCT_BUNDLE_IDENTIFIER = com.aflmf.macstatus;
				PRODUCT_NAME = MacStatus;
				REGISTER_WITH_LAUNCH_SERVICES = NO;
				SWIFT_EMIT_LOC_STRINGS = YES;
				SWIFT_STRICT_CONCURRENCY = complete;
				SWIFT_VERSION = 6.0;
			};
			name = Debug;
		};
		08FB7793FE84155DC02AAC1D /* Release */ = {
			isa = XCBuildConfiguration;
			buildSettings = {
				ASSETCATALOG_COMPILER_APPICON_NAME = AppIcon;
				CODE_SIGN_IDENTITY = "-";
				CODE_SIGN_STYLE = Automatic;
				COMBINE_HIDPI_IMAGES = YES;
				ENABLE_HARDENED_RUNTIME = YES;
				INFOPLIST_FILE = MacStatus/App/Info.plist;
				LD_RUNPATH_SEARCH_PATHS = (
					"$(inherited)",
					"@executable_path/../Frameworks",
				);
				PRODUCT_BUNDLE_IDENTIFIER = com.aflmf.macstatus;
				PRODUCT_NAME = MacStatus;
				REGISTER_WITH_LAUNCH_SERVICES = NO;
				SWIFT_EMIT_LOC_STRINGS = YES;
				SWIFT_STRICT_CONCURRENCY = complete;
				SWIFT_VERSION = 6.0;
			};
			name = Release;
		};
/* End XCBuildConfiguration section */

/* Begin XCConfigurationList section */
		08FB7793FE84155DC02AAC1E /* Build configuration list for PBXProject "MacStatus" */ = {
			isa = XCConfigurationList;
			buildConfigurations = (
				08FB7793FE84155DC02AAC1A /* Debug */,
				08FB7793FE84155DC02AAC1B /* Release */,
			);
			defaultConfigurationIsVisible = 0;
			defaultConfigurationName = Release;
		};
		08FB7793FE84155DC02AAC1F /* Build configuration list for PBXNativeTarget "MacStatus" */ = {
			isa = XCConfigurationList;
			buildConfigurations = (
				08FB7793FE84155DC02AAC1C /* Debug */,
				08FB7793FE84155DC02AAC1D /* Release */,
			);
			defaultConfigurationIsVisible = 0;
			defaultConfigurationName = Release;
		};
/* End XCConfigurationList section */
	};
	rootObject = 08FB7793FE84155DC02AAC07 /* Project object */;
}
